
Microsoft Visual Studio Solution File, Format Version 12.00
Project("{FAE04EC0-301F-11D3-BF4B-00C04F79EFBC}") = "InfosecsBot", "InfosecsBot\InfosecsBot.csproj", "{57AC4621-4192-4515-944D-667C97B83AB7}"
EndProject
Project("{FAE04EC0-301F-11D3-BF4B-00C04F79EFBC}") = "Stateful", "Stateful\Stateful.csproj", "{A6FD44D9-17CB-4037-AF55-F393B89EDF11}"
EndProject
Global
	GlobalSection(SolutionConfigurationPlatforms) = preSolution
		Debug|Any CPU = Debug|Any CPU
		Release|Any CPU = Release|Any CPU
	EndGlobalSection
	GlobalSection(ProjectConfigurationPlatforms) = postSolution
		{57AC4621-4192-4515-944D-667C97B83AB7}.Debug|Any CPU.ActiveCfg = Debug|Any CPU
		{57AC4621-4192-4515-944D-667C97B83AB7}.Debug|Any CPU.Build.0 = Debug|Any CPU
		{57AC4621-4192-4515-944D-667C97B83AB7}.Release|Any CPU.ActiveCfg = Release|Any CPU
		{57AC4621-4192-4515-944D-667C97B83AB7}.Release|Any CPU.Build.0 = Release|Any CPU
		{A6FD44D9-17CB-4037-AF55-F393B89EDF11}.Debug|Any CPU.ActiveCfg = Debug|Any CPU
		{A6FD44D9-17CB-4037-AF55-F393B89EDF11}.Debug|Any CPU.Build.0 = Debug|Any CPU
		{A6FD44D9-17CB-4037-AF55-F393B89EDF11}.Release|Any CPU.ActiveCfg = Release|Any CPU
		{A6FD44D9-17CB-4037-AF55-F393B89EDF11}.Release|Any CPU.Build.0 = Release|Any CPU
	EndGlobalSection
EndGlobal
